
Microsoft Visual Studio Solution File, Format Version 12.00
# Visual Studio 15
VisualStudioVersion = 15.0.27703.2035
MinimumVisualStudioVersion = 10.0.40219.1
Project("{FAE04EC0-301F-11D3-BF4B-00C04F79EFBC}") = "Class Library", "Class Library\Class Library.csproj", "{430F6680-0A14-4897-AE10-8D7F00997527}"
EndProject
Project("{FAE04EC0-301F-11D3-BF4B-00C04F79EFBC}") = "BackOffice", "BackOffice\BackOffice.csproj", "{B315F77C-3685-4863-862A-180A9F822E4A}"
EndProject
Project("{E24C65DC-7377-472B-9ABA-BC803B73C61A}") = "FrontOffice", "FrontOffice\", "{53525C8C-A3E4-441D-BFC8-655309498DAE}"
	ProjectSection(WebsiteProperties) = preProject
		TargetFrameworkMoniker = ".NETFramework,Version%3Dv4.6.1"
		Debug.AspNetCompiler.VirtualPath = "/localhost_51860"
		Debug.AspNetCompiler.PhysicalPath = "FrontOffice\"
		Debug.AspNetCompiler.TargetPath = "PrecompiledWeb\localhost_51860\"
		Debug.AspNetCompiler.Updateable = "true"
		Debug.AspNetCompiler.ForceOverwrite = "true"
		Debug.AspNetCompiler.FixedNames = "false"
		Debug.AspNetCompiler.Debug = "True"
		Release.AspNetCompiler.VirtualPath = "/localhost_51860"
		Release.AspNetCompiler.PhysicalPath = "FrontOffice\"
		Release.AspNetCompiler.TargetPath = "PrecompiledWeb\localhost_51860\"
		Release.AspNetCompiler.Updateable = "true"
		Release.AspNetCompiler.ForceOverwrite = "true"
		Release.AspNetCompiler.FixedNames = "false"
		Release.AspNetCompiler.Debug = "False"
		VWDPort = "51860"
		SlnRelativePath = "FrontOffice\"
	EndProjectSection
EndProject
Project("{FAE04EC0-301F-11D3-BF4B-00C04F79EFBC}") = "MyUnitTestProject", "MyUnitTestProject\MyUnitTestProject.csproj", "{403E7B0D-2D94-4944-8A98-1E938BB7267A}"
EndProject
Global
	GlobalSection(SolutionConfigurationPlatforms) = preSolution
		Debug|Any CPU = Debug|Any CPU
		Release|Any CPU = Release|Any CPU
	EndGlobalSection
	GlobalSection(ProjectConfigurationPlatforms) = postSolution
		{430F6680-0A14-4897-AE10-8D7F00997527}.Debug|Any CPU.ActiveCfg = Debug|Any CPU
		{430F6680-0A14-4897-AE10-8D7F00997527}.Debug|Any CPU.Build.0 = Debug|Any CPU
		{430F6680-0A14-4897-AE10-8D7F00997527}.Release|Any CPU.ActiveCfg = Release|Any CPU
		{430F6680-0A14-4897-AE10-8D7F00997527}.Release|Any CPU.Build.0 = Release|Any CPU
		{B315F77C-3685-4863-862A-180A9F822E4A}.Debug|Any CPU.ActiveCfg = Debug|Any CPU
		{B315F77C-3685-4863-862A-180A9F822E4A}.Debug|Any CPU.Build.0 = Debug|Any CPU
		{B315F77C-3685-4863-862A-180A9F822E4A}.Release|Any CPU.ActiveCfg = Release|Any CPU
		{B315F77C-3685-4863-862A-180A9F822E4A}.Release|Any CPU.Build.0 = Release|Any CPU
		{53525C8C-A3E4-441D-BFC8-655309498DAE}.Debug|Any CPU.ActiveCfg = Debug|Any CPU
		{53525C8C-A3E4-441D-BFC8-655309498DAE}.Debug|Any CPU.Build.0 = Debug|Any CPU
		{53525C8C-A3E4-441D-BFC8-655309498DAE}.Release|Any CPU.ActiveCfg = Debug|Any CPU
		{53525C8C-A3E4-441D-BFC8-655309498DAE}.Release|Any CPU.Build.0 = Debug|Any CPU
		{403E7B0D-2D94-4944-8A98-1E938BB7267A}.Debug|Any CPU.ActiveCfg = Debug|Any CPU
		{403E7B0D-2D94-4944-8A98-1E938BB7267A}.Debug|Any CPU.Build.0 = Debug|Any CPU
		{403E7B0D-2D94-4944-8A98-1E938BB7267A}.Release|Any CPU.ActiveCfg = Release|Any CPU
		{403E7B0D-2D94-4944-8A98-1E938BB7267A}.Release|Any CPU.Build.0 = Release|Any CPU
	EndGlobalSection
	GlobalSection(SolutionProperties) = preSolution
		HideSolutionNode = FALSE
	EndGlobalSection
	GlobalSection(ExtensibilityGlobals) = postSolution
		SolutionGuid = {B3FB2510-F819-480B-9D7D-6A7FE09D0957}
	EndGlobalSection
EndGlobal
